
Microsoft Visual Studio Solution File, Format Version 12.00
# Visual Studio Version 17
VisualStudioVersion = 17.4.33205.214
MinimumVisualStudioVersion = 10.0.40219.1
Project("{9A19103F-16F7-4668-BE54-9A1E7A4F7556}") = "OrleansMultiClusterExample.Cluster1", "OrleansMultiClusterExample.Cluster1\OrleansMultiClusterExample.Cluster1.csproj", "{46495616-9DDB-4031-A554-3DDBBAFD7AEC}"
EndProject
Project("{FAE04EC0-301F-11D3-BF4B-00C04F79EFBC}") = "OrleansMultiClusterExample.Cluster2", "OrleansMultiClusterExample.Cluster2\OrleansMultiClusterExample.Cluster2.csproj", "{38CAF882-B20A-4C7C-9B68-58409674A2ED}"
EndProject
Project("{FAE04EC0-301F-11D3-BF4B-00C04F79EFBC}") = "OrleansMultiClusterExample.Shared", "OrleansMultiClusterExample.Shared\OrleansMultiClusterExample.Shared.csproj", "{5C742941-4378-4899-BFFA-90590036A3D1}"
EndProject
Global
	GlobalSection(SolutionConfigurationPlatforms) = preSolution
		Debug|Any CPU = Debug|Any CPU
		Release|Any CPU = Release|Any CPU
	EndGlobalSection
	GlobalSection(ProjectConfigurationPlatforms) = postSolution
		{46495616-9DDB-4031-A554-3DDBBAFD7AEC}.Debug|Any CPU.ActiveCfg = Debug|Any CPU
		{46495616-9DDB-4031-A554-3DDBBAFD7AEC}.Debug|Any CPU.Build.0 = Debug|Any CPU
		{46495616-9DDB-4031-A554-3DDBBAFD7AEC}.Release|Any CPU.ActiveCfg = Release|Any CPU
		{46495616-9DDB-4031-A554-3DDBBAFD7AEC}.Release|Any CPU.Build.0 = Release|Any CPU
		{38CAF882-B20A-4C7C-9B68-58409674A2ED}.Debug|Any CPU.ActiveCfg = Debug|Any CPU
		{38CAF882-B20A-4C7C-9B68-58409674A2ED}.Debug|Any CPU.Build.0 = Debug|Any CPU
		{38CAF882-B20A-4C7C-9B68-58409674A2ED}.Release|Any CPU.ActiveCfg = Release|Any CPU
		{38CAF882-B20A-4C7C-9B68-58409674A2ED}.Release|Any CPU.Build.0 = Release|Any CPU
		{5C742941-4378-4899-BFFA-90590036A3D1}.Debug|Any CPU.ActiveCfg = Debug|Any CPU
		{5C742941-4378-4899-BFFA-90590036A3D1}.Debug|Any CPU.Build.0 = Debug|Any CPU
		{5C742941-4378-4899-BFFA-90590036A3D1}.Release|Any CPU.ActiveCfg = Release|Any CPU
		{5C742941-4378-4899-BFFA-90590036A3D1}.Release|Any CPU.Build.0 = Release|Any CPU
	EndGlobalSection
	GlobalSection(SolutionProperties) = preSolution
		HideSolutionNode = FALSE
	EndGlobalSection
	GlobalSection(ExtensibilityGlobals) = postSolution
		SolutionGuid = {85827D1A-A6BB-4538-B8E0-D940AA573C89}
	EndGlobalSection
EndGlobal
